// !$*UTF8*$!
{
	archiveVersion = 1;
	classes = {
	};
	objectVersion = 48;
	objects = {

/* Begin PBXBuildFile section */
		5B9AC1F31FA8DA130091AA92 /* AppDelegate.swift in Sources */ = {isa = PBXBuildFile; fileRef = 5B9AC1F21FA8DA130091AA92 /* AppDelegate.swift */; };
		5B9AC1F51FA8DA130091AA92 /* ViewController.swift in Sources */ = {isa = PBXBuildFile; fileRef = 5B9AC1F41FA8DA130091AA92 /* ViewController.swift */; };
		5B9AC1F81FA8DA130091AA92 /* Main.storyboard in Resources */ = {isa = PBXBuildFile; fileRef = 5B9AC1F61FA8DA130091AA92 /* Main.storyboard */; };
		5B9AC1FA1FA8DA130091AA92 /* Assets.xcassets in Resources */ = {isa = PBXBuildFile; fileRef = 5B9AC1F91FA8DA130091AA92 /* Assets.xcassets */; };
		5B9AC1FD1FA8DA130091AA92 /* LaunchScreen.storyboard in Resources */ = {isa = PBXBuildFile; fileRef = 5B9AC1FB1FA8DA130091AA92 /* LaunchScreen.storyboard */; };
		5B9AC2081FA8DA130091AA92 /* TestCartographyTests.swift in Sources */ = {isa = PBXBuildFile; fileRef = 5B9AC2071FA8DA130091AA92 /* TestCartographyTests.swift */; };
		5B9AC2131FA8DA130091AA92 /* TestCartographyUITests.swift in Sources */ = {isa = PBXBuildFile; fileRef = 5B9AC2121FA8DA130091AA92 /* TestCartographyUITests.swift */; };
		68BD46105C0158785F7DC7AB /* Pods_TestCartographyTests.framework in Frameworks */ = {isa = PBXBuildFile; fileRef = 007F4A8811F21CF64D93E7F8 /* Pods_TestCartographyTests.framework */; };
		9812257E8D0582720DD6EC72 /* Pods_TestCartographyUITests.framework in Frameworks */ = {isa = PBXBuildFile; fileRef = BF88F91A89C978891F7F0A18 /* Pods_TestCartographyUITests.framework */; };
		BF9630C25C0AF2D5D39031F1 /* Pods_TestCartography.framework in Frameworks */ = {isa = PBXBuildFile; fileRef = 0EF549C846465CCF27AD0992 /* Pods_TestCartography.framework */; };
/* End PBXBuildFile section */

/* Begin PBXContainerItemProxy section */
		5B9AC2041FA8DA130091AA92 /* PBXContainerItemProxy */ = {
			isa = PBXContainerItemProxy;
			containerPortal = 5B9AC1E71FA8DA130091AA92 /* Project object */;
			proxyType = 1;
			remoteGlobalIDString = 5B9AC1EE1FA8DA130091AA92;
			remoteInfo = TestCartography;
		};
		5B9AC20F1FA8DA130091AA92 /* PBXContainerItemProxy */ = {
			isa = PBXContainerItemProxy;
			containerPortal = 5B9AC1E71FA8DA130091AA92 /* Project object */;
			proxyType = 1;
			remoteGlobalIDString = 5B9AC1EE1FA8DA130091AA92;
			remoteInfo = TestCartography;
		};
/* End PBXContainerItemProxy section */

/* Begin PBXFileReference section */
		007F4A8811F21CF64D93E7F8 /* Pods_TestCartographyTests.framework */ = {isa = PBXFileReference; explicitFileType = wrapper.framework; includeInIndex = 0; path = Pods_TestCartographyTests.framework; sourceTree = BUILT_PRODUCTS_DIR; };
		0523AAEF5335E1F68EC426E3 /* Pods-TestCartographyUITests.debug.xcconfig */ = {isa = PBXFileReference; includeInIndex = 1; lastKnownFileType = text.xcconfig; name = "Pods-TestCartographyUITests.debug.xcconfig"; path = "Pods/Target Support Files/Pods-TestCartographyUITests/Pods-TestCartographyUITests.debug.xcconfig"; sourceTree = "<group>"; };
		0EF549C846465CCF27AD0992 /* Pods_TestCartography.framework */ = {isa = PBXFileReference; explicitFileType = wrapper.framework; includeInIndex = 0; path = Pods_TestCartography.framework; sourceTree = BUILT_PRODUCTS_DIR; };
		1ED90B96E21252B559071DE4 /* Pods-TestCartographyTests.release.xcconfig */ = {isa = PBXFileReference; includeInIndex = 1; lastKnownFileType = text.xcconfig; name = "Pods-TestCartographyTests.release.xcconfig"; path = "Pods/Target Support Files/Pods-TestCartographyTests/Pods-TestCartographyTests.release.xcconfig"; sourceTree = "<group>"; };
		314790BBC99C8CE9FF4E5164 /* Pods-TestCartography.debug.xcconfig */ = {isa = PBXFileReference; includeInIndex = 1; lastKnownFileType = text.xcconfig; name = "Pods-TestCartography.debug.xcconfig"; path = "Pods/Target Support Files/Pods-TestCartography/Pods-TestCartography.debug.xcconfig"; sourceTree = "<group>"; };
		3AABE76A1900FE3145186446 /* Pods-TestCartographyUITests.release.xcconfig */ = {isa = PBXFileReference; includeInIndex = 1; lastKnownFileType = text.xcconfig; name = "Pods-TestCartographyUITests.release.xcconfig"; path = "Pods/Target Support Files/Pods-TestCartographyUITests/Pods-TestCartographyUITests.release.xcconfig"; sourceTree = "<group>"; };
		5B9AC1EF1FA8DA130091AA92 /* TestCartography.app */ = {isa = PBXFileReference; explicitFileType = wrapper.application; includeInIndex = 0; path = TestCartography.app; sourceTree = BUILT_PRODUCTS_DIR; };
		5B9AC1F21FA8DA130091AA92 /* AppDelegate.swift */ = {isa = PBXFileReference; lastKnownFileType = sourcecode.swift; path = AppDelegate.swift; sourceTree = "<group>"; };
		5B9AC1F41FA8DA130091AA92 /* ViewController.swift */ = {isa = PBXFileReference; lastKnownFileType = sourcecode.swift; path = ViewController.swift; sourceTree = "<group>"; };
		5B9AC1F71FA8DA130091AA92 /* Base */ = {isa = PBXFileReference; lastKnownFileType = file.storyboard; name = Base; path = Base.lproj/Main.storyboard; sourceTree = "<group>"; };
		5B9AC1F91FA8DA130091AA92 /* Assets.xcassets */ = {isa = PBXFileReference; lastKnownFileType = folder.assetcatalog; path = Assets.xcassets; sourceTree = "<group>"; };
		5B9AC1FC1FA8DA130091AA92 /* Base */ = {isa = PBXFileReference; lastKnownFileType = file.storyboard; name = Base; path = Base.lproj/LaunchScreen.storyboard; sourceTree = "<group>"; };
		5B9AC1FE1FA8DA130091AA92 /* Info.plist */ = {isa = PBXFileReference; lastKnownFileType = text.plist.xml; path = Info.plist; sourceTree = "<group>"; };
		5B9AC2031FA8DA130091AA92 /* TestCartographyTests.xctest */ = {isa = PBXFileReference; explicitFileType = wrapper.cfbundle; includeInIndex = 0; path = TestCartographyTests.xctest; sourceTree = BUILT_PRODUCTS_DIR; };
		5B9AC2071FA8DA130091AA92 /* TestCartographyTests.swift */ = {isa = PBXFileReference; lastKnownFileType = sourcecode.swift; path = TestCartographyTests.swift; sourceTree = "<group>"; };
		5B9AC2091FA8DA130091AA92 /* Info.plist */ = {isa = PBXFileReference; lastKnownFileType = text.plist.xml; path = Info.plist; sourceTree = "<group>"; };
		5B9AC20E1FA8DA130091AA92 /* TestCartographyUITests.xctest */ = {isa = PBXFileReference; explicitFileType = wrapper.cfbundle; includeInIndex = 0; path = TestCartographyUITests.xctest; sourceTree = BUILT_PRODUCTS_DIR; };
		5B9AC2121FA8DA130091AA92 /* TestCartographyUITests.swift */ = {isa = PBXFileReference; lastKnownFileType = sourcecode.swift; path = TestCartographyUITests.swift; sourceTree = "<group>"; };
		5B9AC2141FA8DA130091AA92 /* Info.plist */ = {isa = PBXFileReference; lastKnownFileType = text.plist.xml; path = Info.plist; sourceTree = "<group>"; };
		9EE88707C8E76E44F3221A5B /* Pods-TestCartographyTests.debug.xcconfig */ = {isa = PBXFileReference; includeInIndex = 1; lastKnownFileType = text.xcconfig; name = "Pods-TestCartographyTests.debug.xcconfig"; path = "Pods/Target Support Files/Pods-TestCartographyTests/Pods-TestCartographyTests.debug.xcconfig"; sourceTree = "<group>"; };
		B94944C9A659F24952E6B21F /* Pods-TestCartography.release.xcconfig */ = {isa = PBXFileReference; includeInIndex = 1; lastKnownFileType = text.xcconfig; name = "Pods-TestCartography.release.xcconfig"; path = "Pods/Target Support Files/Pods-TestCartography/Pods-TestCartography.release.xcconfig"; sourceTree = "<group>"; };
		BF88F91A89C978891F7F0A18 /* Pods_TestCartographyUITests.framework */ = {isa = PBXFileReference; explicitFileType = wrapper.framework; includeInIndex = 0; path = Pods_TestCartographyUITests.framework; sourceTree = BUILT_PRODUCTS_DIR; };
/* End PBXFileReference section */

/* Begin PBXFrameworksBuildPhase section */
		5B9AC1EC1FA8DA130091AA92 /* Frameworks */ = {
			isa = PBXFrameworksBuildPhase;
			buildActionMask = 2147483647;
			files = (
				BF9630C25C0AF2D5D39031F1 /* Pods_TestCartography.framework in Frameworks */,
			);
			runOnlyForDeploymentPostprocessing = 0;
		};
		5B9AC2001FA8DA130091AA92 /* Frameworks */ = {
			isa = PBXFrameworksBuildPhase;
			buildActionMask = 2147483647;
			files = (
				68BD46105C0158785F7DC7AB /* Pods_TestCartographyTests.framework in Frameworks */,
			);
			runOnlyForDeploymentPostprocessing = 0;
		};
		5B9AC20B1FA8DA130091AA92 /* Frameworks */ = {
			isa = PBXFrameworksBuildPhase;
			buildActionMask = 2147483647;
			files = (
				9812257E8D0582720DD6EC72 /* Pods_TestCartographyUITests.framework in Frameworks */,
			);
			runOnlyForDeploymentPostprocessing = 0;
		};
/* End PBXFrameworksBuildPhase section */

/* Begin PBXGroup section */
		5B9AC1E61FA8DA130091AA92 = {
			isa = PBXGroup;
			children = (
				5B9AC1F11FA8DA130091AA92 /* TestCartography */,
				5B9AC2061FA8DA130091AA92 /* TestCartographyTests */,
				5B9AC2111FA8DA130091AA92 /* TestCartographyUITests */,
				5B9AC1F01FA8DA130091AA92 /* Products */,
				61FBCC126D1CE9ABACF27C45 /* Pods */,
				E2107E450092C2ACE09676BF /* Frameworks */,
			);
			sourceTree = "<group>";
		};
		5B9AC1F01FA8DA130091AA92 /* Products */ = {
			isa = PBXGroup;
			children = (
				5B9AC1EF1FA8DA130091AA92 /* TestCartography.app */,
				5B9AC2031FA8DA130091AA92 /* TestCartographyTests.xctest */,
				5B9AC20E1FA8DA130091AA92 /* TestCartographyUITests.xctest */,
			);
			name = Products;
			sourceTree = "<group>";
		};
		5B9AC1F11FA8DA130091AA92 /* TestCartography */ = {
			isa = PBXGroup;
			children = (
				5B9AC1F21FA8DA130091AA92 /* AppDelegate.swift */,
				5B9AC1F41FA8DA130091AA92 /* ViewController.swift */,
				5B9AC1F61FA8DA130091AA92 /* Main.storyboard */,
				5B9AC1F91FA8DA130091AA92 /* Assets.xcassets */,
				5B9AC1FB1FA8DA130091AA92 /* LaunchScreen.storyboard */,
				5B9AC1FE1FA8DA130091AA92 /* Info.plist */,
			);
			path = TestCartography;
			sourceTree = "<group>";
		};
		5B9AC2061FA8DA130091AA92 /* TestCartographyTests */ = {
			isa = PBXGroup;
			children = (
				5B9AC2071FA8DA130091AA92 /* TestCartographyTests.swift */,
				5B9AC2091FA8DA130091AA92 /* Info.plist */,
			);
			path = TestCartographyTests;
			sourceTree = "<group>";
		};
		5B9AC2111FA8DA130091AA92 /* TestCartographyUITests */ = {
			isa = PBXGroup;
			children = (
				5B9AC2121FA8DA130091AA92 /* TestCartographyUITests.swift */,
				5B9AC2141FA8DA130091AA92 /* Info.plist */,
			);
			path = TestCartographyUITests;
			sourceTree = "<group>";
		};
		61FBCC126D1CE9ABACF27C45 /* Pods */ = {
			isa = PBXGroup;
			children = (
				314790BBC99C8CE9FF4E5164 /* Pods-TestCartography.debug.xcconfig */,
				B94944C9A659F24952E6B21F /* Pods-TestCartography.release.xcconfig */,
				9EE88707C8E76E44F3221A5B /* Pods-TestCartographyTests.debug.xcconfig */,
				1ED90B96E21252B559071DE4 /* Pods-TestCartographyTests.release.xcconfig */,
				0523AAEF5335E1F68EC426E3 /* Pods-TestCartographyUITests.debug.xcconfig */,
				3AABE76A1900FE3145186446 /* Pods-TestCartographyUITests.release.xcconfig */,
			);
			name = Pods;
			sourceTree = "<group>";
		};
		E2107E450092C2ACE09676BF /* Frameworks */ = {
			isa = PBXGroup;
			children = (
				0EF549C846465CCF27AD0992 /* Pods_TestCartography.framework */,
				007F4A8811F21CF64D93E7F8 /* Pods_TestCartographyTests.framework */,
				BF88F91A89C978891F7F0A18 /* Pods_TestCartographyUITests.framework */,
			);
			name = Frameworks;
			sourceTree = "<group>";
		};
/* End PBXGroup section */

/* Begin PBXNativeTarget section */
		5B9AC1EE1FA8DA130091AA92 /* TestCartography */ = {
			isa = PBXNativeTarget;
			buildConfigurationList = 5B9AC2171FA8DA130091AA92 /* Build configuration list for PBXNativeTarget "TestCartography" */;
			buildPhases = (
				935D8D83B46DC71376E731BB /* [CP] Check Pods Manifest.lock */,
				5B9AC1EB1FA8DA130091AA92 /* Sources */,
				5B9AC1EC1FA8DA130091AA92 /* Frameworks */,
				5B9AC1ED1FA8DA130091AA92 /* Resources */,
				426A90C590D27BED21EB3D18 /* [CP] Embed Pods Frameworks */,
				DDD3B887DD44D8EEAF8742EC /* [CP] Copy Pods Resources */,
			);
			buildRules = (
			);
			dependencies = (
			);
			name = TestCartography;
			productName = TestCartography;
			productReference = 5B9AC1EF1FA8DA130091AA92 /* TestCartography.app */;
			productType = "com.apple.product-type.application";
		};
		5B9AC2021FA8DA130091AA92 /* TestCartographyTests */ = {
			isa = PBXNativeTarget;
			buildConfigurationList = 5B9AC21A1FA8DA130091AA92 /* Build configuration list for PBXNativeTarget "TestCartographyTests" */;
			buildPhases = (
				AFC7571B1BA323CC1BB87189 /* [CP] Check Pods Manifest.lock */,
				5B9AC1FF1FA8DA130091AA92 /* Sources */,
				5B9AC2001FA8DA130091AA92 /* Frameworks */,
				5B9AC2011FA8DA130091AA92 /* Resources */,
				51DCA9A7AC321930B304000E /* [CP] Embed Pods Frameworks */,
				1D3F1893CFFA4E9F2AB692B8 /* [CP] Copy Pods Resources */,
			);
			buildRules = (
			);
			dependencies = (
				5B9AC2051FA8DA130091AA92 /* PBXTargetDependency */,
			);
			name = TestCartographyTests;
			productName = TestCartographyTests;
			productReference = 5B9AC2031FA8DA130091AA92 /* TestCartographyTests.xctest */;
			productType = "com.apple.product-type.bundle.unit-test";
		};
		5B9AC20D1FA8DA130091AA92 /* TestCartographyUITests */ = {
			isa = PBXNativeTarget;
			buildConfigurationList = 5B9AC21D1FA8DA130091AA92 /* Build configuration list for PBXNativeTarget "TestCartographyUITests" */;
			buildPhases = (
				D9B8A3F7C6A7945C24AA99A1 /* [CP] Check Pods Manifest.lock */,
				5B9AC20A1FA8DA130091AA92 /* Sources */,
				5B9AC20B1FA8DA130091AA92 /* Frameworks */,
				5B9AC20C1FA8DA130091AA92 /* Resources */,
				9D70F5BBA202612A0DA90CCF /* [CP] Embed Pods Frameworks */,
				BB34B0E3D25DEAF61FBDE6DC /* [CP] Copy Pods Resources */,
			);
			buildRules = (
			);
			dependencies = (
				5B9AC2101FA8DA130091AA92 /* PBXTargetDependency */,
			);
			name = TestCartographyUITests;
			productName = TestCartographyUITests;
			productReference = 5B9AC20E1FA8DA130091AA92 /* TestCartographyUITests.xctest */;
			productType = "com.apple.product-type.bundle.ui-testing";
		};
/* End PBXNativeTarget section */

/* Begin PBXProject section */
		5B9AC1E71FA8DA130091AA92 /* Project object */ = {
			isa = PBXProject;
			attributes = {
				LastSwiftUpdateCheck = 0900;
				LastUpgradeCheck = 0900;
				ORGANIZATIONNAME = mituba;
				TargetAttributes = {
					5B9AC1EE1FA8DA130091AA92 = {
						CreatedOnToolsVersion = 9.0.1;
						ProvisioningStyle = Automatic;
					};
					5B9AC2021FA8DA130091AA92 = {
						CreatedOnToolsVersion = 9.0.1;
						ProvisioningStyle = Automatic;
						TestTargetID = 5B9AC1EE1FA8DA130091AA92;
					};
					5B9AC20D1FA8DA130091AA92 = {
						CreatedOnToolsVersion = 9.0.1;
						ProvisioningStyle = Automatic;
						TestTargetID = 5B9AC1EE1FA8DA130091AA92;
					};
				};
			};
			buildConfigurationList = 5B9AC1EA1FA8DA130091AA92 /* Build configuration list for PBXProject "TestCartography" */;
			compatibilityVersion = "Xcode 8.0";
			developmentRegion = en;
			hasScannedForEncodings = 0;
			knownRegions = (
				en,
				Base,
			);
			mainGroup = 5B9AC1E61FA8DA130091AA92;
			productRefGroup = 5B9AC1F01FA8DA130091AA92 /* Products */;
			projectDirPath = "";
			projectRoot = "";
			targets = (
				5B9AC1EE1FA8DA130091AA92 /* TestCartography */,
				5B9AC2021FA8DA130091AA92 /* TestCartographyTests */,
				5B9AC20D1FA8DA130091AA92 /* TestCartographyUITests */,
			);
		};
/* End PBXProject section */

/* Begin PBXResourcesBuildPhase section */
		5B9AC1ED1FA8DA130091AA92 /* Resources */ = {
			isa = PBXResourcesBuildPhase;
			buildActionMask = 2147483647;
			files = (
				5B9AC1FD1FA8DA130091AA92 /* LaunchScreen.storyboard in Resources */,
				5B9AC1FA1FA8DA130091AA92 /* Assets.xcassets in Resources */,
				5B9AC1F81FA8DA130091AA92 /* Main.storyboard in Resources */,
			);
			runOnlyForDeploymentPostprocessing = 0;
		};
		5B9AC2011FA8DA130091AA92 /* Resources */ = {
			isa = PBXResourcesBuildPhase;
			buildActionMask = 2147483647;
			files = (
			);
			runOnlyForDeploymentPostprocessing = 0;
		};
		5B9AC20C1FA8DA130091AA92 /* Resources */ = {
			isa = PBXResourcesBuildPhase;
			buildActionMask = 2147483647;
			files = (
			);
			runOnlyForDeploymentPostprocessing = 0;
		};
/* End PBXResourcesBuildPhase section */

/* Begin PBXShellScriptBuildPhase section */
		1D3F1893CFFA4E9F2AB692B8 /* [CP] Copy Pods Resources */ = {
			isa = PBXShellScriptBuildPhase;
			buildActionMask = 2147483647;
			files = (
			);
			inputPaths = (
			);
			name = "[CP] Copy Pods Resources";
			outputPaths = (
			);
			runOnlyForDeploymentPostprocessing = 0;
			shellPath = /bin/sh;
			shellScript = "\"${SRCROOT}/Pods/Target Support Files/Pods-TestCartographyTests/Pods-TestCartographyTests-resources.sh\"\n";
			showEnvVarsInLog = 0;
		};
		426A90C590D27BED21EB3D18 /* [CP] Embed Pods Frameworks */ = {
			isa = PBXShellScriptBuildPhase;
			buildActionMask = 2147483647;
			files = (
			);
			inputPaths = (
				"${SRCROOT}/Pods/Target Support Files/Pods-TestCartography/Pods-TestCartography-frameworks.sh",
				"${BUILT_PRODUCTS_DIR}/Cartography/Cartography.framework",
			);
			name = "[CP] Embed Pods Frameworks";
			outputPaths = (
				"${TARGET_BUILD_DIR}/${FRAMEWORKS_FOLDER_PATH}/Cartography.framework",
			);
			runOnlyForDeploymentPostprocessing = 0;
			shellPath = /bin/sh;
			shellScript = "\"${SRCROOT}/Pods/Target Support Files/Pods-TestCartography/Pods-TestCartography-frameworks.sh\"\n";
			showEnvVarsInLog = 0;
		};
		51DCA9A7AC321930B304000E /* [CP] Embed Pods Frameworks */ = {
			isa = PBXShellScriptBuildPhase;
			buildActionMask = 2147483647;
			files = (
			);
			inputPaths = (
			);
			name = "[CP] Embed Pods Frameworks";
			outputPaths = (
			);
			runOnlyForDeploymentPostprocessing = 0;
			shellPath = /bin/sh;
			shellScript = "\"${SRCROOT}/Pods/Target Support Files/Pods-TestCartographyTests/Pods-TestCartographyTests-frameworks.sh\"\n";
			showEnvVarsInLog = 0;
		};
		935D8D83B46DC71376E731BB /* [CP] Check Pods Manifest.lock */ = {
			isa = PBXShellScriptBuildPhase;
			buildActionMask = 2147483647;
			files = (
			);
			inputPaths = (
				"${PODS_PODFILE_DIR_PATH}/Podfile.lock",
				"${PODS_ROOT}/Manifest.lock",
			);
			name = "[CP] Check Pods Manifest.lock";
			outputPaths = (
				"$(DERIVED_FILE_DIR)/Pods-TestCartography-checkManifestLockResult.txt",
			);
			runOnlyForDeploymentPostprocessing = 0;
			shellPath = /bin/sh;
			shellScript = "diff \"${PODS_PODFILE_DIR_PATH}/Podfile.lock\" \"${PODS_ROOT}/Manifest.lock\" > /dev/null\nif [ $? != 0 ] ; then\n    # print error to STDERR\n    echo \"error: The sandbox is not in sync with the Podfile.lock. Run 'pod install' or update your CocoaPods installation.\" >&2\n    exit 1\nfi\n# This output is used by Xcode 'outputs' to avoid re-running this script phase.\necho \"SUCCESS\" > \"${SCRIPT_OUTPUT_FILE_0}\"\n";
			showEnvVarsInLog = 0;
		};
		9D70F5BBA202612A0DA90CCF /* [CP] Embed Pods Frameworks */ = {
			isa = PBXShellScriptBuildPhase;
			buildActionMask = 2147483647;
			files = (
			);
			inputPaths = (
			);
			name = "[CP] Embed Pods Frameworks";
			outputPaths = (
			);
			runOnlyForDeploymentPostprocessing = 0;
			shellPath = /bin/sh;
			shellScript = "\"${SRCROOT}/Pods/Target Support Files/Pods-TestCartographyUITests/Pods-TestCartographyUITests-frameworks.sh\"\n";
			showEnvVarsInLog = 0;
		};
		AFC7571B1BA323CC1BB87189 /* [CP] Check Pods Manifest.lock */ = {
			isa = PBXShellScriptBuildPhase;
			buildActionMask = 2147483647;
			files = (
			);
			inputPaths = (
				"${PODS_PODFILE_DIR_PATH}/Podfile.lock",
				"${PODS_ROOT}/Manifest.lock",
			);
			name = "[CP] Check Pods Manifest.lock";
			outputPaths = (
				"$(DERIVED_FILE_DIR)/Pods-TestCartographyTests-checkManifestLockResult.txt",
			);
			runOnlyForDeploymentPostprocessing = 0;
			shellPath = /bin/sh;
			shellScript = "diff \"${PODS_PODFILE_DIR_PATH}/Podfile.lock\" \"${PODS_ROOT}/Manifest.lock\" > /dev/null\nif [ $? != 0 ] ; then\n    # print error to STDERR\n    echo \"error: The sandbox is not in sync with the Podfile.lock. Run 'pod install' or update your CocoaPods installation.\" >&2\n    exit 1\nfi\n# This output is used by Xcode 'outputs' to avoid re-running this script phase.\necho \"SUCCESS\" > \"${SCRIPT_OUTPUT_FILE_0}\"\n";
			showEnvVarsInLog = 0;
		};
		BB34B0E3D25DEAF61FBDE6DC /* [CP] Copy Pods Resources */ = {
			isa = PBXShellScriptBuildPhase;
			buildActionMask = 2147483647;
			files = (
			);
			inputPaths = (
			);
			name = "[CP] Copy Pods Resources";
			outputPaths = (
			);
			runOnlyForDeploymentPostprocessing = 0;
			shellPath = /bin/sh;
			shellScript = "\"${SRCROOT}/Pods/Target Support Files/Pods-TestCartographyUITests/Pods-TestCartographyUITests-resources.sh\"\n";
			showEnvVarsInLog = 0;
		};
		D9B8A3F7C6A7945C24AA99A1 /* [CP] Check Pods Manifest.lock */ = {
			isa = PBXShellScriptBuildPhase;
			buildActionMask = 2147483647;
			files = (
			);
			inputPaths = (
				"${PODS_PODFILE_DIR_PATH}/Podfile.lock",
				"${PODS_ROOT}/Manifest.lock",
			);
			name = "[CP] Check Pods Manifest.lock";
			outputPaths = (
				"$(DERIVED_FILE_DIR)/Pods-TestCartographyUITests-checkManifestLockResult.txt",
			);
			runOnlyForDeploymentPostprocessing = 0;
			shellPath = /bin/sh;
			shellScript = "diff \"${PODS_PODFILE_DIR_PATH}/Podfile.lock\" \"${PODS_ROOT}/Manifest.lock\" > /dev/null\nif [ $? != 0 ] ; then\n    # print error to STDERR\n    echo \"error: The sandbox is not in sync with the Podfile.lock. Run 'pod install' or update your CocoaPods installation.\" >&2\n    exit 1\nfi\n# This output is used by Xcode 'outputs' to avoid re-running this script phase.\necho \"SUCCESS\" > \"${SCRIPT_OUTPUT_FILE_0}\"\n";
			showEnvVarsInLog = 0;
		};
		DDD3B887DD44D8EEAF8742EC /* [CP] Copy Pods Resources */ = {
			isa = PBXShellScriptBuildPhase;
			buildActionMask = 2147483647;
			files = (
			);
			inputPaths = (
			);
			name = "[CP] Copy Pods Resources";
			outputPaths = (
			);
			runOnlyForDeploymentPostprocessing = 0;
			shellPath = /bin/sh;
			shellScript = "\"${SRCROOT}/Pods/Target Support Files/Pods-TestCartography/Pods-TestCartography-resources.sh\"\n";
			showEnvVarsInLog = 0;
		};
/* End PBXShellScriptBuildPhase section */

/* Begin PBXSourcesBuildPhase section */
		5B9AC1EB1FA8DA130091AA92 /* Sources */ = {
			isa = PBXSourcesBuildPhase;
			buildActionMask = 2147483647;
			files = (
				5B9AC1F51FA8DA130091AA92 /* ViewController.swift in Sources */,
				5B9AC1F31FA8DA130091AA92 /* AppDelegate.swift in Sources */,
			);
			runOnlyForDeploymentPostprocessing = 0;
		};
		5B9AC1FF1FA8DA130091AA92 /* Sources */ = {
			isa = PBXSourcesBuildPhase;
			buildActionMask = 2147483647;
			files = (
				5B9AC2081FA8DA130091AA92 /* TestCartographyTests.swift in Sources */,
			);
			runOnlyForDeploymentPostprocessing = 0;
		};
		5B9AC20A1FA8DA130091AA92 /* Sources */ = {
			isa = PBXSourcesBuildPhase;
			buildActionMask = 2147483647;
			files = (
				5B9AC2131FA8DA130091AA92 /* TestCartographyUITests.swift in Sources */,
			);
			runOnlyForDeploymentPostprocessing = 0;
		};
/* End PBXSourcesBuildPhase section */

/* Begin PBXTargetDependency section */
		5B9AC2051FA8DA130091AA92 /* PBXTargetDependency */ = {
			isa = PBXTargetDependency;
			target = 5B9AC1EE1FA8DA130091AA92 /* TestCartography */;
			targetProxy = 5B9AC2041FA8DA130091AA92 /* PBXContainerItemProxy */;
		};
		5B9AC2101FA8DA130091AA92 /* PBXTargetDependency */ = {
			isa = PBXTargetDependency;
			target = 5B9AC1EE1FA8DA130091AA92 /* TestCartography */;
			targetProxy = 5B9AC20F1FA8DA130091AA92 /* PBXContainerItemProxy */;
		};
/* End PBXTargetDependency section */

/* Begin PBXVariantGroup section */
		5B9AC1F61FA8DA130091AA92 /* Main.storyboard */ = {
			isa = PBXVariantGroup;
			children = (
				5B9AC1F71FA8DA130091AA92 /* Base */,
			);
			name = Main.storyboard;
			sourceTree = "<group>";
		};
		5B9AC1FB1FA8DA130091AA92 /* LaunchScreen.storyboard */ = {
			isa = PBXVariantGroup;
			children = (
				5B9AC1FC1FA8DA130091AA92 /* Base */,
			);
			name = LaunchScreen.storyboard;
			sourceTree = "<group>";
		};
/* End PBXVariantGroup section */

/* Begin XCBuildConfiguration section */
		5B9AC2151FA8DA130091AA92 /* Debug */ = {
			isa = XCBuildConfiguration;
			buildSettings = {
				ALWAYS_SEARCH_USER_PATHS = NO;
				CLANG_ANALYZER_NONNULL = YES;
				CLANG_ANALYZER_NUMBER_OBJECT_CONVERSION = YES_AGGRESSIVE;
				CLANG_CXX_LANGUAGE_STANDARD = "gnu++14";
				CLANG_CXX_LIBRARY = "libc++";
				CLANG_ENABLE_MODULES = YES;
				CLANG_ENABLE_OBJC_ARC = YES;
				CLANG_WARN_BLOCK_CAPTURE_AUTORELEASING = YES;
				CLANG_WARN_BOOL_CONVERSION = YES;
				CLANG_WARN_COMMA = YES;
				CLANG_WARN_CONSTANT_CONVERSION = YES;
				CLANG_WARN_DIRECT_OBJC_ISA_USAGE = YES_ERROR;
				CLANG_WARN_DOCUMENTATION_COMMENTS = YES;
				CLANG_WARN_EMPTY_BODY = YES;
				CLANG_WARN_ENUM_CONVERSION = YES;
				CLANG_WARN_INFINITE_RECURSION = YES;
				CLANG_WARN_INT_CONVERSION = YES;
				CLANG_WARN_NON_LITERAL_NULL_CONVERSION = YES;
				CLANG_WARN_OBJC_LITERAL_CONVERSION = YES;
				CLANG_WARN_OBJC_ROOT_CLASS = YES_ERROR;
				CLANG_WARN_RANGE_LOOP_ANALYSIS = YES;
				CLANG_WARN_STRICT_PROTOTYPES = YES;
				CLANG_WARN_SUSPICIOUS_MOVE = YES;
				CLANG_WARN_UNGUARDED_AVAILABILITY = YES_AGGRESSIVE;
				CLANG_WARN_UNREACHABLE_CODE = YES;
				CLANG_WARN__DUPLICATE_METHOD_MATCH = YES;
				CODE_SIGN_IDENTITY = "iPhone Developer";
				COPY_PHASE_STRIP = NO;
				DEBUG_INFORMATION_FORMAT = dwarf;
				ENABLE_STRICT_OBJC_MSGSEND = YES;
				ENABLE_TESTABILITY = YES;
				GCC_C_LANGUAGE_STANDARD = gnu11;
				GCC_DYNAMIC_NO_PIC = NO;
				GCC_NO_COMMON_BLOCKS = YES;
				GCC_OPTIMIZATION_LEVEL = 0;
				GCC_PREPROCESSOR_DEFINITIONS = (
					"DEBUG=1",
					"$(inherited)",
				);
				GCC_WARN_64_TO_32_BIT_CONVERSION = YES;
				GCC_WARN_ABOUT_RETURN_TYPE = YES_ERROR;
				GCC_WARN_UNDECLARED_SELECTOR = YES;
				GCC_WARN_UNINITIALIZED_AUTOS = YES_AGGRESSIVE;
				GCC_WARN_UNUSED_FUNCTION = YES;
				GCC_WARN_UNUSED_VARIABLE = YES;
				IPHONEOS_DEPLOYMENT_TARGET = 11.0;
				MTL_ENABLE_DEBUG_INFO = YES;
				ONLY_ACTIVE_ARCH = YES;
				SDKROOT = iphoneos;
				SWIFT_ACTIVE_COMPILATION_CONDITIONS = DEBUG;
				SWIFT_OPTIMIZATION_LEVEL = "-Onone";
			};
			name = Debug;
		};
		5B9AC2161FA8DA130091AA92 /* Release */ = {
			isa = XCBuildConfiguration;
			buildSettings = {
				ALWAYS_SEARCH_USER_PATHS = NO;
				CLANG_ANALYZER_NONNULL = YES;
				CLANG_ANALYZER_NUMBER_OBJECT_CONVERSION = YES_AGGRESSIVE;
				CLANG_CXX_LANGUAGE_STANDARD = "gnu++14";
				CLANG_CXX_LIBRARY = "libc++";
				CLANG_ENABLE_MODULES = YES;
				CLANG_ENABLE_OBJC_ARC = YES;
				CLANG_WARN_BLOCK_CAPTURE_AUTORELEASING = YES;
				CLANG_WARN_BOOL_CONVERSION = YES;
				CLANG_WARN_COMMA = YES;
				CLANG_WARN_CONSTANT_CONVERSION = YES;
				CLANG_WARN_DIRECT_OBJC_ISA_USAGE = YES_ERROR;
				CLANG_WARN_DOCUMENTATION_COMMENTS = YES;
				CLANG_WARN_EMPTY_BODY = YES;
				CLANG_WARN_ENUM_CONVERSION = YES;
				CLANG_WARN_INFINITE_RECURSION = YES;
				CLANG_WARN_INT_CONVERSION = YES;
				CLANG_WARN_NON_LITERAL_NULL_CONVERSION = YES;
				CLANG_WARN_OBJC_LITERAL_CONVERSION = YES;
				CLANG_WARN_OBJC_ROOT_CLASS = YES_ERROR;
				CLANG_WARN_RANGE_LOOP_ANALYSIS = YES;
				CLANG_WARN_STRICT_PROTOTYPES = YES;
				CLANG_WARN_SUSPICIOUS_MOVE = YES;
				CLANG_WARN_UNGUARDED_AVAILABILITY = YES_AGGRESSIVE;
				CLANG_WARN_UNREACHABLE_CODE = YES;
				CLANG_WARN__DUPLICATE_METHOD_MATCH = YES;
				CODE_SIGN_IDENTITY = "iPhone Developer";
				COPY_PHASE_STRIP = NO;
				DEBUG_INFORMATION_FORMAT = "dwarf-with-dsym";
				ENABLE_NS_ASSERTIONS = NO;
				ENABLE_STRICT_OBJC_MSGSEND = YES;
				GCC_C_LANGUAGE_STANDARD = gnu11;
				GCC_NO_COMMON_BLOCKS = YES;
				GCC_WARN_64_TO_32_BIT_CONVERSION = YES;
				GCC_WARN_ABOUT_RETURN_TYPE = YES_ERROR;
				GCC_WARN_UNDECLARED_SELECTOR = YES;
				GCC_WARN_UNINITIALIZED_AUTOS = YES_AGGRESSIVE;
				GCC_WARN_UNUSED_FUNCTION = YES;
				GCC_WARN_UNUSED_VARIABLE = YES;
				IPHONEOS_DEPLOYMENT_TARGET = 11.0;
				MTL_ENABLE_DEBUG_INFO = NO;
				SDKROOT = iphoneos;
				SWIFT_OPTIMIZATION_LEVEL = "-Owholemodule";
				VALIDATE_PRODUCT = YES;
			};
			name = Release;
		};
		5B9AC2181FA8DA130091AA92 /* Debug */ = {
			isa = XCBuildConfiguration;
			baseConfigurationReference = 314790BBC99C8CE9FF4E5164 /* Pods-TestCartography.debug.xcconfig */;
			buildSettings = {
				ASSETCATALOG_COMPILER_APPICON_NAME = AppIcon;
				CODE_SIGN_STYLE = Automatic;
				INFOPLIST_FILE = TestCartography/Info.plist;
				LD_RUNPATH_SEARCH_PATHS = "$(inherited) @executable_path/Frameworks";
				PRODUCT_BUNDLE_IDENTIFIER = mituba.TestCartography;
				PRODUCT_NAME = "$(TARGET_NAME)";
				SWIFT_VERSION = 4.0;
				TARGETED_DEVICE_FAMILY = "1,2";
			};
			name = Debug;
		};
		5B9AC2191FA8DA130091AA92 /* Release */ = {
			isa = XCBuildConfiguration;
			baseConfigurationReference = B94944C9A659F24952E6B21F /* Pods-TestCartography.release.xcconfig */;
			buildSettings = {
				ASSETCATALOG_COMPILER_APPICON_NAME = AppIcon;
				CODE_SIGN_STYLE = Automatic;
				INFOPLIST_FILE = TestCartography/Info.plist;
				LD_RUNPATH_SEARCH_PATHS = "$(inherited) @executable_path/Frameworks";
				PRODUCT_BUNDLE_IDENTIFIER = mituba.TestCartography;
				PRODUCT_NAME = "$(TARGET_NAME)";
				SWIFT_VERSION = 4.0;
				TARGETED_DEVICE_FAMILY = "1,2";
			};
			name = Release;
		};
		5B9AC21B1FA8DA130091AA92 /* Debug */ = {
			isa = XCBuildConfiguration;
			baseConfigurationReference = 9EE88707C8E76E44F3221A5B /* Pods-TestCartographyTests.debug.xcconfig */;
			buildSettings = {
				ALWAYS_EMBED_SWIFT_STANDARD_LIBRARIES = YES;
				BUNDLE_LOADER = "$(TEST_HOST)";
				CODE_SIGN_STYLE = Automatic;
				INFOPLIST_FILE = TestCartographyTests/Info.plist;
				LD_RUNPATH_SEARCH_PATHS = "$(inherited) @executable_path/Frameworks @loader_path/Frameworks";
				PRODUCT_BUNDLE_IDENTIFIER = mituba.TestCartographyTests;
				PRODUCT_NAME = "$(TARGET_NAME)";
				SWIFT_VERSION = 4.0;
				TARGETED_DEVICE_FAMILY = "1,2";
				TEST_HOST = "$(BUILT_PRODUCTS_DIR)/TestCartography.app/TestCartography";
			};
			name = Debug;
		};
		5B9AC21C1FA8DA130091AA92 /* Release */ = {
			isa = XCBuildConfiguration;
			baseConfigurationReference = 1ED90B96E21252B559071DE4 /* Pods-TestCartographyTests.release.xcconfig */;
			buildSettings = {
				ALWAYS_EMBED_SWIFT_STANDARD_LIBRARIES = YES;
				BUNDLE_LOADER = "$(TEST_HOST)";
				CODE_SIGN_STYLE = Automatic;
				INFOPLIST_FILE = TestCartographyTests/Info.plist;
				LD_RUNPATH_SEARCH_PATHS = "$(inherited) @executable_path/Frameworks @loader_path/Frameworks";
				PRODUCT_BUNDLE_IDENTIFIER = mituba.TestCartographyTests;
				PRODUCT_NAME = "$(TARGET_NAME)";
				SWIFT_VERSION = 4.0;
				TARGETED_DEVICE_FAMILY = "1,2";
				TEST_HOST = "$(BUILT_PRODUCTS_DIR)/TestCartography.app/TestCartography";
			};
			name = Release;
		};
		5B9AC21E1FA8DA130091AA92 /* Debug */ = {
			isa = XCBuildConfiguration;
			baseConfigurationReference = 0523AAEF5335E1F68EC426E3 /* Pods-TestCartographyUITests.debug.xcconfig */;
			buildSettings = {
				ALWAYS_EMBED_SWIFT_STANDARD_LIBRARIES = YES;
				CODE_SIGN_STYLE = Automatic;
				INFOPLIST_FILE = TestCartographyUITests/Info.plist;
				LD_RUNPATH_SEARCH_PATHS = "$(inherited) @executable_path/Frameworks @loader_path/Frameworks";
				PRODUCT_BUNDLE_IDENTIFIER = mituba.TestCartographyUITests;
				PRODUCT_NAME = "$(TARGET_NAME)";
				SWIFT_VERSION = 4.0;
				TARGETED_DEVICE_FAMILY = "1,2";
				TEST_TARGET_NAME = TestCartography;
			};
			name = Debug;
		};
		5B9AC21F1FA8DA130091AA92 /* Release */ = {
			isa = XCBuildConfiguration;
			baseConfigurationReference = 3AABE76A1900FE3145186446 /* Pods-TestCartographyUITests.release.xcconfig */;
			buildSettings = {
				ALWAYS_EMBED_SWIFT_STANDARD_LIBRARIES = YES;
				CODE_SIGN_STYLE = Automatic;
				INFOPLIST_FILE = TestCartographyUITests/Info.plist;
				LD_RUNPATH_SEARCH_PATHS = "$(inherited) @executable_path/Frameworks @loader_path/Frameworks";
				PRODUCT_BUNDLE_IDENTIFIER = mituba.TestCartographyUITests;
				PRODUCT_NAME = "$(TARGET_NAME)";
				SWIFT_VERSION = 4.0;
				TARGETED_DEVICE_FAMILY = "1,2";
				TEST_TARGET_NAME = TestCartography;
			};
			name = Release;
		};
/* End XCBuildConfiguration section */

/* Begin XCConfigurationList section */
		5B9AC1EA1FA8DA130091AA92 /* Build configuration list for PBXProject "TestCartography" */ = {
			isa = XCConfigurationList;
			buildConfigurations = (
				5B9AC2151FA8DA130091AA92 /* Debug */,
				5B9AC2161FA8DA130091AA92 /* Release */,
			);
			defaultConfigurationIsVisible = 0;
			defaultConfigurationName = Release;
		};
		5B9AC2171FA8DA130091AA92 /* Build configuration list for PBXNativeTarget "TestCartography" */ = {
			isa = XCConfigurationList;
			buildConfigurations = (
				5B9AC2181FA8DA130091AA92 /* Debug */,
				5B9AC2191FA8DA130091AA92 /* Release */,
			);
			defaultConfigurationIsVisible = 0;
			defaultConfigurationName = Release;
		};
		5B9AC21A1FA8DA130091AA92 /* Build configuration list for PBXNativeTarget "TestCartographyTests" */ = {
			isa = XCConfigurationList;
			buildConfigurations = (
				5B9AC21B1FA8DA130091AA92 /* Debug */,
				5B9AC21C1FA8DA130091AA92 /* Release */,
			);
			defaultConfigurationIsVisible = 0;
			defaultConfigurationName = Release;
		};
		5B9AC21D1FA8DA130091AA92 /* Build configuration list for PBXNativeTarget "TestCartographyUITests" */ = {
			isa = XCConfigurationList;
			buildConfigurations = (
				5B9AC21E1FA8DA130091AA92 /* Debug */,
				5B9AC21F1FA8DA130091AA92 /* Release */,
			);
			defaultConfigurationIsVisible = 0;
			defaultConfigurationName = Release;
		};
/* End XCConfigurationList section */
	};
	rootObject = 5B9AC1E71FA8DA130091AA92 /* Project object */;
}
